// !$*UTF8*$!
{
	archiveVersion = 1;
	classes = {
	};
	objectVersion = 46;
	objects = {

/* Begin PBXBuildFile section */
		3809F8921B31161700AC82D4 /* RenewBooksViewController.swift in Sources */ = {isa = PBXBuildFile; fileRef = 3809F8911B31161700AC82D4 /* RenewBooksViewController.swift */; };
		386E91911B30AC8000BAA700 /* AppDelegate.swift in Sources */ = {isa = PBXBuildFile; fileRef = 386E91901B30AC8000BAA700 /* AppDelegate.swift */; };
		386E91941B30AC8000BAA700 /* RenovaLivrosUFRGS.xcdatamodeld in Sources */ = {isa = PBXBuildFile; fileRef = 386E91921B30AC8000BAA700 /* RenovaLivrosUFRGS.xcdatamodeld */; };
		386E91961B30AC8000BAA700 /* LoginViewController.swift in Sources */ = {isa = PBXBuildFile; fileRef = 386E91951B30AC8000BAA700 /* LoginViewController.swift */; };
		386E91991B30AC8000BAA700 /* Main.storyboard in Resources */ = {isa = PBXBuildFile; fileRef = 386E91971B30AC8000BAA700 /* Main.storyboard */; };
		386E919B1B30AC8000BAA700 /* Images.xcassets in Resources */ = {isa = PBXBuildFile; fileRef = 386E919A1B30AC8000BAA700 /* Images.xcassets */; };
		386E919E1B30AC8000BAA700 /* LaunchScreen.xib in Resources */ = {isa = PBXBuildFile; fileRef = 386E919C1B30AC8000BAA700 /* LaunchScreen.xib */; };
		386E91AA1B30AC8000BAA700 /* RenovaLivrosUFRGSTests.swift in Sources */ = {isa = PBXBuildFile; fileRef = 386E91A91B30AC8000BAA700 /* RenovaLivrosUFRGSTests.swift */; };
/* End PBXBuildFile section */

/* Begin PBXContainerItemProxy section */
		386E91A41B30AC8000BAA700 /* PBXContainerItemProxy */ = {
			isa = PBXContainerItemProxy;
			containerPortal = 386E91831B30AC8000BAA700 /* Project object */;
			proxyType = 1;
			remoteGlobalIDString = 386E918A1B30AC8000BAA700;
			remoteInfo = RenovaLivrosUFRGS;
		};
/* End PBXContainerItemProxy section */

/* Begin PBXFileReference section */
		3809F8911B31161700AC82D4 /* RenewBooksViewController.swift */ = {isa = PBXFileReference; fileEncoding = 4; lastKnownFileType = sourcecode.swift; path = RenewBooksViewController.swift; sourceTree = "<group>"; };
		386E918B1B30AC8000BAA700 /* RenovaLivrosUFRGS.app */ = {isa = PBXFileReference; explicitFileType = wrapper.application; includeInIndex = 0; path = RenovaLivrosUFRGS.app; sourceTree = BUILT_PRODUCTS_DIR; };
		386E918F1B30AC8000BAA700 /* Info.plist */ = {isa = PBXFileReference; lastKnownFileType = text.plist.xml; path = Info.plist; sourceTree = "<group>"; };
		386E91901B30AC8000BAA700 /* AppDelegate.swift */ = {isa = PBXFileReference; lastKnownFileType = sourcecode.swift; path = AppDelegate.swift; sourceTree = "<group>"; };
		386E91931B30AC8000BAA700 /* RenovaLivrosUFRGS.xcdatamodel */ = {isa = PBXFileReference; lastKnownFileType = wrapper.xcdatamodel; path = RenovaLivrosUFRGS.xcdatamodel; sourceTree = "<group>"; };
		386E91951B30AC8000BAA700 /* LoginViewController.swift */ = {isa = PBXFileReference; lastKnownFileType = sourcecode.swift; path = LoginViewController.swift; sourceTree = "<group>"; };
		386E91981B30AC8000BAA700 /* Base */ = {isa = PBXFileReference; lastKnownFileType = file.storyboard; name = Base; path = Base.lproj/Main.storyboard; sourceTree = "<group>"; };
		386E919A1B30AC8000BAA700 /* Images.xcassets */ = {isa = PBXFileReference; lastKnownFileType = folder.assetcatalog; path = Images.xcassets; sourceTree = "<group>"; };
		386E919D1B30AC8000BAA700 /* Base */ = {isa = PBXFileReference; lastKnownFileType = file.xib; name = Base; path = Base.lproj/LaunchScreen.xib; sourceTree = "<group>"; };
		386E91A31B30AC8000BAA700 /* RenovaLivrosUFRGSTests.xctest */ = {isa = PBXFileReference; explicitFileType = wrapper.cfbundle; includeInIndex = 0; path = RenovaLivrosUFRGSTests.xctest; sourceTree = BUILT_PRODUCTS_DIR; };
		386E91A81B30AC8000BAA700 /* Info.plist */ = {isa = PBXFileReference; lastKnownFileType = text.plist.xml; path = Info.plist; sourceTree = "<group>"; };
		386E91A91B30AC8000BAA700 /* RenovaLivrosUFRGSTests.swift */ = {isa = PBXFileReference; lastKnownFileType = sourcecode.swift; path = RenovaLivrosUFRGSTests.swift; sourceTree = "<group>"; };
/* End PBXFileReference section */

/* Begin PBXFrameworksBuildPhase section */
		386E91881B30AC8000BAA700 /* Frameworks */ = {
			isa = PBXFrameworksBuildPhase;
			buildActionMask = 2147483647;
			files = (
			);
			runOnlyForDeploymentPostprocessing = 0;
		};
		386E91A01B30AC8000BAA700 /* Frameworks */ = {
			isa = PBXFrameworksBuildPhase;
			buildActionMask = 2147483647;
			files = (
			);
			runOnlyForDeploymentPostprocessing = 0;
		};
/* End PBXFrameworksBuildPhase section */

/* Begin PBXGroup section */
		386E91821B30AC8000BAA700 = {
			isa = PBXGroup;
			children = (
				386E918D1B30AC8000BAA700 /* RenovaLivrosUFRGS */,
				386E91A61B30AC8000BAA700 /* RenovaLivrosUFRGSTests */,
				386E918C1B30AC8000BAA700 /* Products */,
			);
			sourceTree = "<group>";
		};
		386E918C1B30AC8000BAA700 /* Products */ = {
			isa = PBXGroup;
			children = (
				386E918B1B30AC8000BAA700 /* RenovaLivrosUFRGS.app */,
				386E91A31B30AC8000BAA700 /* RenovaLivrosUFRGSTests.xctest */,
			);
			name = Products;
			sourceTree = "<group>";
		};
		386E918D1B30AC8000BAA700 /* RenovaLivrosUFRGS */ = {
			isa = PBXGroup;
			children = (
				386E91901B30AC8000BAA700 /* AppDelegate.swift */,
				386E91951B30AC8000BAA700 /* LoginViewController.swift */,
				3809F8911B31161700AC82D4 /* RenewBooksViewController.swift */,
				386E91971B30AC8000BAA700 /* Main.storyboard */,
				386E919A1B30AC8000BAA700 /* Images.xcassets */,
				386E919C1B30AC8000BAA700 /* LaunchScreen.xib */,
				386E91921B30AC8000BAA700 /* RenovaLivrosUFRGS.xcdatamodeld */,
				386E918E1B30AC8000BAA700 /* Supporting Files */,
			);
			path = RenovaLivrosUFRGS;
			sourceTree = "<group>";
		};
		386E918E1B30AC8000BAA700 /* Supporting Files */ = {
			isa = PBXGroup;
			children = (
				386E918F1B30AC8000BAA700 /* Info.plist */,
			);
			name = "Supporting Files";
			sourceTree = "<group>";
		};
		386E91A61B30AC8000BAA700 /* RenovaLivrosUFRGSTests */ = {
			isa = PBXGroup;
			children = (
				386E91A91B30AC8000BAA700 /* RenovaLivrosUFRGSTests.swift */,
				386E91A71B30AC8000BAA700 /* Supporting Files */,
			);
			path = RenovaLivrosUFRGSTests;
			sourceTree = "<group>";
		};
		386E91A71B30AC8000BAA700 /* Supporting Files */ = {
			isa = PBXGroup;
			children = (
				386E91A81B30AC8000BAA700 /* Info.plist */,
			);
			name = "Supporting Files";
			sourceTree = "<group>";
		};
/* End PBXGroup section */

/* Begin PBXNativeTarget section */
		386E918A1B30AC8000BAA700 /* RenovaLivrosUFRGS */ = {
			isa = PBXNativeTarget;
			buildConfigurationList = 386E91AD1B30AC8000BAA700 /* Build configuration list for PBXNativeTarget "RenovaLivrosUFRGS" */;
			buildPhases = (
				386E91871B30AC8000BAA700 /* Sources */,
				386E91881B30AC8000BAA700 /* Frameworks */,
				386E91891B30AC8000BAA700 /* Resources */,
			);
			buildRules = (
			);
			dependencies = (
			);
			name = RenovaLivrosUFRGS;
			productName = RenovaLivrosUFRGS;
			productReference = 386E918B1B30AC8000BAA700 /* RenovaLivrosUFRGS.app */;
			productType = "com.apple.product-type.application";
		};
		386E91A21B30AC8000BAA700 /* RenovaLivrosUFRGSTests */ = {
			isa = PBXNativeTarget;
			buildConfigurationList = 386E91B01B30AC8000BAA700 /* Build configuration list for PBXNativeTarget "RenovaLivrosUFRGSTests" */;
			buildPhases = (
				386E919F1B30AC8000BAA700 /* Sources */,
				386E91A01B30AC8000BAA700 /* Frameworks */,
				386E91A11B30AC8000BAA700 /* Resources */,
			);
			buildRules = (
			);
			dependencies = (
				386E91A51B30AC8000BAA700 /* PBXTargetDependency */,
			);
			name = RenovaLivrosUFRGSTests;
			productName = RenovaLivrosUFRGSTests;
			productReference = 386E91A31B30AC8000BAA700 /* RenovaLivrosUFRGSTests.xctest */;
			productType = "com.apple.product-type.bundle.unit-test";
		};
/* End PBXNativeTarget section */

/* Begin PBXProject section */
		386E91831B30AC8000BAA700 /* Project object */ = {
			isa = PBXProject;
			attributes = {
				LastUpgradeCheck = 0630;
				ORGANIZATIONNAME = "Matheus Cavalca";
				TargetAttributes = {
					386E918A1B30AC8000BAA700 = {
						CreatedOnToolsVersion = 6.3.1;
					};
					386E91A21B30AC8000BAA700 = {
						CreatedOnToolsVersion = 6.3.1;
						TestTargetID = 386E918A1B30AC8000BAA700;
					};
				};
			};
			buildConfigurationList = 386E91861B30AC8000BAA700 /* Build configuration list for PBXProject "RenovaLivrosUFRGS" */;
			compatibilityVersion = "Xcode 3.2";
			developmentRegion = English;
			hasScannedForEncodings = 0;
			knownRegions = (
				en,
				Base,
			);
			mainGroup = 386E91821B30AC8000BAA700;
			productRefGroup = 386E918C1B30AC8000BAA700 /* Products */;
			projectDirPath = "";
			projectRoot = "";
			targets = (
				386E918A1B30AC8000BAA700 /* RenovaLivrosUFRGS */,
				386E91A21B30AC8000BAA700 /* RenovaLivrosUFRGSTests */,
			);
		};
/* End PBXProject section */

/* Begin PBXResourcesBuildPhase section */
		386E91891B30AC8000BAA700 /* Resources */ = {
			isa = PBXResourcesBuildPhase;
			buildActionMask = 2147483647;
			files = (
				386E91991B30AC8000BAA700 /* Main.storyboard in Resources */,
				386E919E1B30AC8000BAA700 /* LaunchScreen.xib in Resources */,
				386E919B1B30AC8000BAA700 /* Images.xcassets in Resources */,
			);
			runOnlyForDeploymentPostprocessing = 0;
		};
		386E91A11B30AC8000BAA700 /* Resources */ = {
			isa = PBXResourcesBuildPhase;
			buildActionMask = 2147483647;
			files = (
			);
			runOnlyForDeploymentPostprocessing = 0;
		};
/* End PBXResourcesBuildPhase section */

/* Begin PBXSourcesBuildPhase section */
		386E91871B30AC8000BAA700 /* Sources */ = {
			isa = PBXSourcesBuildPhase;
			buildActionMask = 2147483647;
			files = (
				386E91961B30AC8000BAA700 /* LoginViewController.swift in Sources */,
				386E91911B30AC8000BAA700 /* AppDelegate.swift in Sources */,
				386E91941B30AC8000BAA700 /* RenovaLivrosUFRGS.xcdatamodeld in Sources */,
				3809F8921B31161700AC82D4 /* RenewBooksViewController.swift in Sources */,
			);
			runOnlyForDeploymentPostprocessing = 0;
		};
		386E919F1B30AC8000BAA700 /* Sources */ = {
			isa = PBXSourcesBuildPhase;
			buildActionMask = 2147483647;
			files = (
				386E91AA1B30AC8000BAA700 /* RenovaLivrosUFRGSTests.swift in Sources */,
			);
			runOnlyForDeploymentPostprocessing = 0;
		};
/* End PBXSourcesBuildPhase section */

/* Begin PBXTargetDependency section */
		386E91A51B30AC8000BAA700 /* PBXTargetDependency */ = {
			isa = PBXTargetDependency;
			target = 386E918A1B30AC8000BAA700 /* RenovaLivrosUFRGS */;
			targetProxy = 386E91A41B30AC8000BAA700 /* PBXContainerItemProxy */;
		};
/* End PBXTargetDependency section */

/* Begin PBXVariantGroup section */
		386E91971B30AC8000BAA700 /* Main.storyboard */ = {
			isa = PBXVariantGroup;
			children = (
				386E91981B30AC8000BAA700 /* Base */,
			);
			name = Main.storyboard;
			sourceTree = "<group>";
		};
		386E919C1B30AC8000BAA700 /* LaunchScreen.xib */ = {
			isa = PBXVariantGroup;
			children = (
				386E919D1B30AC8000BAA700 /* Base */,
			);
			name = LaunchScreen.xib;
			sourceTree = "<group>";
		};
/* End PBXVariantGroup section */

/* Begin XCBuildConfiguration section */
		386E91AB1B30AC8000BAA700 /* Debug */ = {
			isa = XCBuildConfiguration;
			buildSettings = {
				ALWAYS_SEARCH_USER_PATHS = NO;
				CLANG_CXX_LANGUAGE_STANDARD = "gnu++0x";
				CLANG_CXX_LIBRARY = "libc++";
				CLANG_ENABLE_MODULES = YES;
				CLANG_ENABLE_OBJC_ARC = YES;
				CLANG_WARN_BOOL_CONVERSION = YES;
				CLANG_WARN_CONSTANT_CONVERSION = YES;
				CLANG_WARN_DIRECT_OBJC_ISA_USAGE = YES_ERROR;
				CLANG_WARN_EMPTY_BODY = YES;
				CLANG_WARN_ENUM_CONVERSION = YES;
				CLANG_WARN_INT_CONVERSION = YES;
				CLANG_WARN_OBJC_ROOT_CLASS = YES_ERROR;
				CLANG_WARN_UNREACHABLE_CODE = YES;
				CLANG_WARN__DUPLICATE_METHOD_MATCH = YES;
				"CODE_SIGN_IDENTITY[sdk=iphoneos*]" = "iPhone Developer";
				COPY_PHASE_STRIP = NO;
				DEBUG_INFORMATION_FORMAT = "dwarf-with-dsym";
				ENABLE_STRICT_OBJC_MSGSEND = YES;
				GCC_C_LANGUAGE_STANDARD = gnu99;
				GCC_DYNAMIC_NO_PIC = NO;
				GCC_NO_COMMON_BLOCKS = YES;
				GCC_OPTIMIZATION_LEVEL = 0;
				GCC_PREPROCESSOR_DEFINITIONS = (
					"DEBUG=1",
					"$(inherited)",
				);
				GCC_SYMBOLS_PRIVATE_EXTERN = NO;
				GCC_WARN_64_TO_32_BIT_CONVERSION = YES;
				GCC_WARN_ABOUT_RETURN_TYPE = YES_ERROR;
				GCC_WARN_UNDECLARED_SELECTOR = YES;
				GCC_WARN_UNINITIALIZED_AUTOS = YES_AGGRESSIVE;
				GCC_WARN_UNUSED_FUNCTION = YES;
				GCC_WARN_UNUSED_VARIABLE = YES;
				IPHONEOS_DEPLOYMENT_TARGET = 8.3;
				MTL_ENABLE_DEBUG_INFO = YES;
				ONLY_ACTIVE_ARCH = YES;
				SDKROOT = iphoneos;
				SWIFT_OPTIMIZATION_LEVEL = "-Onone";
			};
			name = Debug;
		};
		386E91AC1B30AC8000BAA700 /* Release */ = {
			isa = XCBuildConfiguration;
			buildSettings = {
				ALWAYS_SEARCH_USER_PATHS = NO;
				CLANG_CXX_LANGUAGE_STANDARD = "gnu++0x";
				CLANG_CXX_LIBRARY = "libc++";
				CLANG_ENABLE_MODULES = YES;
				CLANG_ENABLE_OBJC_ARC = YES;
				CLANG_WARN_BOOL_CONVERSION = YES;
				CLANG_WARN_CONSTANT_CONVERSION = YES;
				CLANG_WARN_DIRECT_OBJC_ISA_USAGE = YES_ERROR;
				CLANG_WARN_EMPTY_BODY = YES;
				CLANG_WARN_ENUM_CONVERSION = YES;
				CLANG_WARN_INT_CONVERSION = YES;
				CLANG_WARN_OBJC_ROOT_CLASS = YES_ERROR;
				CLANG_WARN_UNREACHABLE_CODE = YES;
				CLANG_WARN__DUPLICATE_METHOD_MATCH = YES;
				"CODE_SIGN_IDENTITY[sdk=iphoneos*]" = "iPhone Developer";
				COPY_PHASE_STRIP = NO;
				DEBUG_INFORMATION_FORMAT = "dwarf-with-dsym";
				ENABLE_NS_ASSERTIONS = NO;
				ENABLE_STRICT_OBJC_MSGSEND = YES;
				GCC_C_LANGUAGE_STANDARD = gnu99;
				GCC_NO_COMMON_BLOCKS = YES;
				GCC_WARN_64_TO_32_BIT_CONVERSION = YES;
				GCC_WARN_ABOUT_RETURN_TYPE = YES_ERROR;
				GCC_WARN_UNDECLARED_SELECTOR = YES;
				GCC_WARN_UNINITIALIZED_AUTOS = YES_AGGRESSIVE;
				GCC_WARN_UNUSED_FUNCTION = YES;
				GCC_WARN_UNUSED_VARIABLE = YES;
				IPHONEOS_DEPLOYMENT_TARGET = 8.3;
				MTL_ENABLE_DEBUG_INFO = NO;
				SDKROOT = iphoneos;
				VALIDATE_PRODUCT = YES;
			};
			name = Release;
		};
		386E91AE1B30AC8000BAA700 /* Debug */ = {
			isa = XCBuildConfiguration;
			buildSettings = {
				ASSETCATALOG_COMPILER_APPICON_NAME = AppIcon;
				INFOPLIST_FILE = RenovaLivrosUFRGS/Info.plist;
				LD_RUNPATH_SEARCH_PATHS = "$(inherited) @executable_path/Frameworks";
				PRODUCT_NAME = "$(TARGET_NAME)";
			};
			name = Debug;
		};
		386E91AF1B30AC8000BAA700 /* Release */ = {
			isa = XCBuildConfiguration;
			buildSettings = {
				ASSETCATALOG_COMPILER_APPICON_NAME = AppIcon;
				INFOPLIST_FILE = RenovaLivrosUFRGS/Info.plist;
				LD_RUNPATH_SEARCH_PATHS = "$(inherited) @executable_path/Frameworks";
				PRODUCT_NAME = "$(TARGET_NAME)";
			};
			name = Release;
		};
		386E91B11B30AC8000BAA700 /* Debug */ = {
			isa = XCBuildConfiguration;
			buildSettings = {
				BUNDLE_LOADER = "$(TEST_HOST)";
				FRAMEWORK_SEARCH_PATHS = (
					"$(SDKROOT)/Developer/Library/Frameworks",
					"$(inherited)",
				);
				GCC_PREPROCESSOR_DEFINITIONS = (
					"DEBUG=1",
					"$(inherited)",
				);
				INFOPLIST_FILE = RenovaLivrosUFRGSTests/Info.plist;
				LD_RUNPATH_SEARCH_PATHS = "$(inherited) @executable_path/Frameworks @loader_path/Frameworks";
				PRODUCT_NAME = "$(TARGET_NAME)";
				TEST_HOST = "$(BUILT_PRODUCTS_DIR)/RenovaLivrosUFRGS.app/RenovaLivrosUFRGS";
			};
			name = Debug;
		};
		386E91B21B30AC8000BAA700 /* Release */ = {
			isa = XCBuildConfiguration;
			buildSettings = {
				BUNDLE_LOADER = "$(TEST_HOST)";
				FRAMEWORK_SEARCH_PATHS = (
					"$(SDKROOT)/Developer/Library/Frameworks",
					"$(inherited)",
				);
				INFOPLIST_FILE = RenovaLivrosUFRGSTests/Info.plist;
				LD_RUNPATH_SEARCH_PATHS = "$(inherited) @executable_path/Frameworks @loader_path/Frameworks";
				PRODUCT_NAME = "$(TARGET_NAME)";
				TEST_HOST = "$(BUILT_PRODUCTS_DIR)/RenovaLivrosUFRGS.app/RenovaLivrosUFRGS";
			};
			name = Release;
		};
/* End XCBuildConfiguration section */

/* Begin XCConfigurationList section */
		386E91861B30AC8000BAA700 /* Build configuration list for PBXProject "RenovaLivrosUFRGS" */ = {
			isa = XCConfigurationList;
			buildConfigurations = (
				386E91AB1B30AC8000BAA700 /* Debug */,
				386E91AC1B30AC8000BAA700 /* Release */,
			);
			defaultConfigurationIsVisible = 0;
			defaultConfigurationName = Release;
		};
		386E91AD1B30AC8000BAA700 /* Build configuration list for PBXNativeTarget "RenovaLivrosUFRGS" */ = {
			isa = XCConfigurationList;
			buildConfigurations = (
				386E91AE1B30AC8000BAA700 /* Debug */,
				386E91AF1B30AC8000BAA700 /* Release */,
			);
			defaultConfigurationIsVisible = 0;
			defaultConfigurationName = Release;
		};
		386E91B01B30AC8000BAA700 /* Build configuration list for PBXNativeTarget "RenovaLivrosUFRGSTests" */ = {
			isa = XCConfigurationList;
			buildConfigurations = (
				386E91B11B30AC8000BAA700 /* Debug */,
				386E91B21B30AC8000BAA700 /* Release */,
			);
			defaultConfigurationIsVisible = 0;
			defaultConfigurationName = Release;
		};
/* End XCConfigurationList section */

/* Begin XCVersionGroup section */
		386E91921B30AC8000BAA700 /* RenovaLivrosUFRGS.xcdatamodeld */ = {
			isa = XCVersionGroup;
			children = (
				386E91931B30AC8000BAA700 /* RenovaLivrosUFRGS.xcdatamodel */,
			);
			currentVersion = 386E91931B30AC8000BAA700 /* RenovaLivrosUFRGS.xcdatamodel */;
			path = RenovaLivrosUFRGS.xcdatamodeld;
			sourceTree = "<group>";
			versionGroupType = wrapper.xcdatamodel;
		};
/* End XCVersionGroup section */
	};
	rootObject = 386E91831B30AC8000BAA700 /* Project object */;
}
